{
  "name": "proxy",
  "version": "1.0.0",
  "lockfileVersion": 3,
  "requires": true,
  "packages": {
    "": {
      "name": "proxy",
      "version": "1.0.0",
      "license": "ISC",
      "dependencies": {
        "uWebSockets.js": "uNetworking/uWebSockets.js#v20.42.0",
        "ws": "^8.18.3"
      }
    },
    "node_modules/uWebSockets.js": {
      "version": "20.42.0",
      "resolved": "git+ssh://git@github.com/uNetworking/uWebSockets.js.git#f40213ec0a97d0d8721d9d32d92d6eb6ddcd22e7",
      "license": "Apache-2.0"
    },
    "node_modules/ws": {
      "version": "8.21.3",
      "resolved": "https://registry.npmjs.org/ws/-/ws-8.21.3.tgz",
      "integrity": "sha512-201TZ/kPWxoPr/OKWjquZR1SWKXcvxdH+e1xrx89b3YbmzLMFCLfnaG1HFIgWzJOEWZ7MvpK++odZufgYR50Rw==",
      "license": "MIT",
      "engines": {
        "node": ">=10.0.0"
      },
      "peerDependencies": {
        "bufferutil": "^4.0.1",
        "utf-8-validate": ">=5.0.2"
      },
      "peerDependenciesMeta": {
        "bufferutil": {
          "optional": true
        },
        "utf-8-validate": {
          "optional": true
        }
      }
    }
  }
}
